
Microsoft Visual Studio Solution File, Format Version 12.00
# Visual Studio 15
VisualStudioVersion = 15.0.26228.4
MinimumVisualStudioVersion = 10.0.40219.1
Project("{2150E333-8FDC-42A3-9474-1A3956D46DE8}") = "build", "build", "{FFB7FC9F-33B3-4CD5-A53E-63E14EE9979D}"
	ProjectSection(SolutionItems) = preProject
		build\common.props = build\common.props
		build\dependencies.props = build\dependencies.props
		build\key.snk = build\key.snk
		build\packages.props = build\packages.props
		build\repo.props = build\repo.props
		build\tests.props = build\tests.props
		build\version.props = build\version.props
	EndProjectSection
EndProject
Project("{2150E333-8FDC-42A3-9474-1A3956D46DE8}") = "src", "src", "{91BB179F-F068-4297-8CEF-EC534BD243E0}"
EndProject
Project("{2150E333-8FDC-42A3-9474-1A3956D46DE8}") = "test", "test", "{3DA6B82F-AC9E-4E59-A3EC-EF080764178A}"
EndProject
Project("{9A19103F-16F7-4668-BE54-9A1E7A4F7556}") = "AspNet.Hosting.Extensions", "src\AspNet.Hosting.Extensions\AspNet.Hosting.Extensions.csproj", "{A062FDF4-3FCC-43BC-90F3-B3C20CFE9347}"
EndProject
Project("{9A19103F-16F7-4668-BE54-9A1E7A4F7556}") = "AspNet.Hosting.Extensions.Tests", "test\AspNet.Hosting.Extensions.Tests\AspNet.Hosting.Extensions.Tests.csproj", "{808F817F-1E56-48A8-AB62-39D7239A49F0}"
EndProject
Project("{9A19103F-16F7-4668-BE54-9A1E7A4F7556}") = "AspNet.Hosting.Katana.Extensions", "src\AspNet.Hosting.Katana.Extensions\AspNet.Hosting.Katana.Extensions.csproj", "{228E58D5-96ED-4FB1-9505-091C9CC6EE06}"
EndProject
Project("{9A19103F-16F7-4668-BE54-9A1E7A4F7556}") = "AspNet.Hosting.Katana.Extensions.Tests", "test\AspNet.Hosting.Katana.Extensions.Tests\AspNet.Hosting.Katana.Extensions.Tests.csproj", "{3F3B588E-F8DF-4C13-B097-5B77B78A5542}"
EndProject
Global
	GlobalSection(SolutionConfigurationPlatforms) = preSolution
		Debug|Any CPU = Debug|Any CPU
		Release|Any CPU = Release|Any CPU
	EndGlobalSection
	GlobalSection(ProjectConfigurationPlatforms) = postSolution
		{A062FDF4-3FCC-43BC-90F3-B3C20CFE9347}.Debug|Any CPU.ActiveCfg = Debug|Any CPU
		{A062FDF4-3FCC-43BC-90F3-B3C20CFE9347}.Debug|Any CPU.Build.0 = Debug|Any CPU
		{A062FDF4-3FCC-43BC-90F3-B3C20CFE9347}.Release|Any CPU.ActiveCfg = Release|Any CPU
		{A062FDF4-3FCC-43BC-90F3-B3C20CFE9347}.Release|Any CPU.Build.0 = Release|Any CPU
		{808F817F-1E56-48A8-AB62-39D7239A49F0}.Debug|Any CPU.ActiveCfg = Debug|Any CPU
		{808F817F-1E56-48A8-AB62-39D7239A49F0}.Debug|Any CPU.Build.0 = Debug|Any CPU
		{808F817F-1E56-48A8-AB62-39D7239A49F0}.Release|Any CPU.ActiveCfg = Release|Any CPU
		{808F817F-1E56-48A8-AB62-39D7239A49F0}.Release|Any CPU.Build.0 = Release|Any CPU
		{228E58D5-96ED-4FB1-9505-091C9CC6EE06}.Debug|Any CPU.ActiveCfg = Debug|Any CPU
		{228E58D5-96ED-4FB1-9505-091C9CC6EE06}.Debug|Any CPU.Build.0 = Debug|Any CPU
		{228E58D5-96ED-4FB1-9505-091C9CC6EE06}.Release|Any CPU.ActiveCfg = Release|Any CPU
		{228E58D5-96ED-4FB1-9505-091C9CC6EE06}.Release|Any CPU.Build.0 = Release|Any CPU
		{3F3B588E-F8DF-4C13-B097-5B77B78A5542}.Debug|Any CPU.ActiveCfg = Debug|Any CPU
		{3F3B588E-F8DF-4C13-B097-5B77B78A5542}.Debug|Any CPU.Build.0 = Debug|Any CPU
		{3F3B588E-F8DF-4C13-B097-5B77B78A5542}.Release|Any CPU.ActiveCfg = Release|Any CPU
		{3F3B588E-F8DF-4C13-B097-5B77B78A5542}.Release|Any CPU.Build.0 = Release|Any CPU
	EndGlobalSection
	GlobalSection(SolutionProperties) = preSolution
		HideSolutionNode = FALSE
	EndGlobalSection
	GlobalSection(NestedProjects) = preSolution
		{A062FDF4-3FCC-43BC-90F3-B3C20CFE9347} = {91BB179F-F068-4297-8CEF-EC534BD243E0}
		{808F817F-1E56-48A8-AB62-39D7239A49F0} = {3DA6B82F-AC9E-4E59-A3EC-EF080764178A}
		{228E58D5-96ED-4FB1-9505-091C9CC6EE06} = {91BB179F-F068-4297-8CEF-EC534BD243E0}
		{3F3B588E-F8DF-4C13-B097-5B77B78A5542} = {3DA6B82F-AC9E-4E59-A3EC-EF080764178A}
	EndGlobalSection
	GlobalSection(ExtensibilityGlobals) = postSolution
		SolutionGuid = {0F10DB39-52F0-4B7C-BA20-BD421A2FF701}
	EndGlobalSection
EndGlobal
