
Microsoft Visual Studio Solution File, Format Version 12.00
# Visual Studio 14
VisualStudioVersion = 14.0.23107.0
MinimumVisualStudioVersion = 10.0.40219.1
Project("{2150E333-8FDC-42A3-9474-1A3956D46DE8}") = "src", "src", "{91BB179F-F068-4297-8CEF-EC534BD243E0}"
EndProject
Project("{8BB2217D-0F2D-49D1-97BC-3654ED321F3B}") = "AspNet.Hosting.Extensions", "src\AspNet.Hosting.Extensions\AspNet.Hosting.Extensions.xproj", "{A062FDF4-3FCC-43BC-90F3-B3C20CFE9347}"
EndProject
Project("{8BB2217D-0F2D-49D1-97BC-3654ED321F3B}") = "AspNet.Hosting.Extensions.Tests", "test\AspNet.Hosting.Extensions.Tests\AspNet.Hosting.Extensions.Tests.xproj", "{808F817F-1E56-48A8-AB62-39D7239A49F0}"
EndProject
Project("{2150E333-8FDC-42A3-9474-1A3956D46DE8}") = "test", "test", "{3DA6B82F-AC9E-4E59-A3EC-EF080764178A}"
EndProject
Global
	GlobalSection(SolutionConfigurationPlatforms) = preSolution
		Debug|Any CPU = Debug|Any CPU
		Release|Any CPU = Release|Any CPU
	EndGlobalSection
	GlobalSection(ProjectConfigurationPlatforms) = postSolution
		{A062FDF4-3FCC-43BC-90F3-B3C20CFE9347}.Debug|Any CPU.ActiveCfg = Debug|Any CPU
		{A062FDF4-3FCC-43BC-90F3-B3C20CFE9347}.Debug|Any CPU.Build.0 = Debug|Any CPU
		{A062FDF4-3FCC-43BC-90F3-B3C20CFE9347}.Release|Any CPU.ActiveCfg = Release|Any CPU
		{A062FDF4-3FCC-43BC-90F3-B3C20CFE9347}.Release|Any CPU.Build.0 = Release|Any CPU
		{808F817F-1E56-48A8-AB62-39D7239A49F0}.Debug|Any CPU.ActiveCfg = Debug|Any CPU
		{808F817F-1E56-48A8-AB62-39D7239A49F0}.Debug|Any CPU.Build.0 = Debug|Any CPU
		{808F817F-1E56-48A8-AB62-39D7239A49F0}.Release|Any CPU.ActiveCfg = Release|Any CPU
		{808F817F-1E56-48A8-AB62-39D7239A49F0}.Release|Any CPU.Build.0 = Release|Any CPU
	EndGlobalSection
	GlobalSection(SolutionProperties) = preSolution
		HideSolutionNode = FALSE
	EndGlobalSection
	GlobalSection(NestedProjects) = preSolution
		{A062FDF4-3FCC-43BC-90F3-B3C20CFE9347} = {91BB179F-F068-4297-8CEF-EC534BD243E0}
		{808F817F-1E56-48A8-AB62-39D7239A49F0} = {3DA6B82F-AC9E-4E59-A3EC-EF080764178A}
	EndGlobalSection
EndGlobal
